Microsoft Visual Studio Solution File, Format Version 12.00
# Visual Studio Version 17
VisualStudioVersion = 17.10.34928.147
MinimumVisualStudioVersion = 10.0.40219.1
Project("{9A19103F-16F7-4668-BE54-9A1E7A4F7556}") = "VetClinic.Api", "VetClinicManagament\VetClinic.Api.csproj", "{14BF8F90-CF4E-4403-AD04-AF008CF05AEF}"
EndProject
Project("{2150E333-8FDC-42A3-9474-1A3956D46DE8}") = "Core", "Core", "{A6F5258C-7133-4DF1-8933-49C4F957413D}"
EndProject
Project("{2150E333-8FDC-42A3-9474-1A3956D46DE8}") = "Infrastructure", "Infrastructure", "{885050DA-0943-4CF3-BFFB-6ABB225E766E}"
EndProject
Project("{9A19103F-16F7-4668-BE54-9A1E7A4F7556}") = "Service", "Core\Service\Service.csproj", "{E1276A41-147D-4DBE-9DAC-86CAFF219B30}"
EndProject
Project("{9A19103F-16F7-4668-BE54-9A1E7A4F7556}") = "Domain", "Core\Domain\Domain.csproj", "{139B67CC-9950-4470-9665-4DB5F2B23FEC}"
EndProject
Project("{9A19103F-16F7-4668-BE54-9A1E7A4F7556}") = "Presentation", "Infrastructure\Presentation\Presentation.csproj", "{C583D5DC-4FB1-443C-B0C0-8D0A3D6A3496}"
EndProject
Project("{9A19103F-16F7-4668-BE54-9A1E7A4F7556}") = "Persistence", "Infrastructure\Persistence\Persistence.csproj", "{2734254B-0E63-43E8-A4D6-31B9E73270BE}"
EndProject
Project("{9A19103F-16F7-4668-BE54-9A1E7A4F7556}") = "Contracts", "Core\Service.Abstractions\Contracts.csproj", "{369C03B6-8BB2-46AA-A4C3-9B0BC04F907E}"
EndProject
Global
	GlobalSection(SolutionConfigurationPlatforms) = preSolution
		Debug|Any CPU = Debug|Any CPU
		Release|Any CPU = Release|Any CPU
	EndGlobalSection
	GlobalSection(ProjectConfigurationPlatforms) = postSolution
		{14BF8F90-CF4E-4403-AD04-AF008CF05AEF}.Debug|Any CPU.ActiveCfg = Debug|Any CPU
		{14BF8F90-CF4E-4403-AD04-AF008CF05AEF}.Debug|Any CPU.Build.0 = Debug|Any CPU
		{14BF8F90-CF4E-4403-AD04-AF008CF05AEF}.Release|Any CPU.ActiveCfg = Release|Any CPU
		{14BF8F90-CF4E-4403-AD04-AF008CF05AEF}.Release|Any CPU.Build.0 = Release|Any CPU
		{E1276A41-147D-4DBE-9DAC-86CAFF219B30}.Debug|Any CPU.ActiveCfg = Debug|Any CPU
		{E1276A41-147D-4DBE-9DAC-86CAFF219B30}.Debug|Any CPU.Build.0 = Debug|Any CPU
		{E1276A41-147D-4DBE-9DAC-86CAFF219B30}.Release|Any CPU.ActiveCfg = Release|Any CPU
		{E1276A41-147D-4DBE-9DAC-86CAFF219B30}.Release|Any CPU.Build.0 = Release|Any CPU
		{139B67CC-9950-4470-9665-4DB5F2B23FEC}.Debug|Any CPU.ActiveCfg = Debug|Any CPU
		{139B67CC-9950-4470-9665-4DB5F2B23FEC}.Debug|Any CPU.Build.0 = Debug|Any CPU
		{139B67CC-9950-4470-9665-4DB5F2B23FEC}.Release|Any CPU.ActiveCfg = Release|Any CPU
		{139B67CC-9950-4470-9665-4DB5F2B23FEC}.Release|Any CPU.Build.0 = Release|Any CPU
		{C583D5DC-4FB1-443C-B0C0-8D0A3D6A3496}.Debug|Any CPU.ActiveCfg = Debug|Any CPU
		{C583D5DC-4FB1-443C-B0C0-8D0A3D6A3496}.Debug|Any CPU.Build.0 = Debug|Any CPU
		{C583D5DC-4FB1-443C-B0C0-8D0A3D6A3496}.Release|Any CPU.ActiveCfg = Release|Any CPU
		{C583D5DC-4FB1-443C-B0C0-8D0A3D6A3496}.Release|Any CPU.Build.0 = Release|Any CPU
		{2734254B-0E63-43E8-A4D6-31B9E73270BE}.Debug|Any CPU.ActiveCfg = Debug|Any CPU
		{2734254B-0E63-43E8-A4D6-31B9E73270BE}.Debug|Any CPU.Build.0 = Debug|Any CPU
		{2734254B-0E63-43E8-A4D6-31B9E73270BE}.Release|Any CPU.ActiveCfg = Release|Any CPU
		{2734254B-0E63-43E8-A4D6-31B9E73270BE}.Release|Any CPU.Build.0 = Release|Any CPU
		{369C03B6-8BB2-46AA-A4C3-9B0BC04F907E}.Debug|Any CPU.ActiveCfg = Debug|Any CPU
		{369C03B6-8BB2-46AA-A4C3-9B0BC04F907E}.Debug|Any CPU.Build.0 = Debug|Any CPU
		{369C03B6-8BB2-46AA-A4C3-9B0BC04F907E}.Release|Any CPU.ActiveCfg = Release|Any CPU
		{369C03B6-8BB2-46AA-A4C3-9B0BC04F907E}.Release|Any CPU.Build.0 = Release|Any CPU
	EndGlobalSection
	GlobalSection(SolutionProperties) = preSolution
		HideSolutionNode = FALSE
	EndGlobalSection
	GlobalSection(NestedProjects) = preSolution
		{E1276A41-147D-4DBE-9DAC-86CAFF219B30} = {A6F5258C-7133-4DF1-8933-49C4F957413D}
		{139B67CC-9950-4470-9665-4DB5F2B23FEC} = {A6F5258C-7133-4DF1-8933-49C4F957413D}
		{C583D5DC-4FB1-443C-B0C0-8D0A3D6A3496} = {885050DA-0943-4CF3-BFFB-6ABB225E766E}
		{2734254B-0E63-43E8-A4D6-31B9E73270BE} = {885050DA-0943-4CF3-BFFB-6ABB225E766E}
		{369C03B6-8BB2-46AA-A4C3-9B0BC04F907E} = {A6F5258C-7133-4DF1-8933-49C4F957413D}
	EndGlobalSection
	GlobalSection(ExtensibilityGlobals) = postSolution
		SolutionGuid = {9A021988-4F1F-4363-AE0E-FE2AFD07A186}
	EndGlobalSection
EndGlobal
